
Microsoft Visual Studio Solution File, Format Version 12.00
# Visual Studio Version 17
VisualStudioVersion = 17.1.32228.430
MinimumVisualStudioVersion = 10.0.40219.1
Project("{FAE04EC0-301F-11D3-BF4B-00C04F79EFBC}") = "FolderCrawling", "FolderCrawling.csproj", "{BF97E2BC-1B9A-4BA2-BF16-85EC88A4A656}"
EndProject
Global
	GlobalSection(SolutionConfigurationPlatforms) = preSolution
		Debug|Any CPU = Debug|Any CPU
		Release|Any CPU = Release|Any CPU
	EndGlobalSection
	GlobalSection(ProjectConfigurationPlatforms) = postSolution
		{BF97E2BC-1B9A-4BA2-BF16-85EC88A4A656}.Debug|Any CPU.ActiveCfg = Debug|Any CPU
		{BF97E2BC-1B9A-4BA2-BF16-85EC88A4A656}.Debug|Any CPU.Build.0 = Debug|Any CPU
		{BF97E2BC-1B9A-4BA2-BF16-85EC88A4A656}.Release|Any CPU.ActiveCfg = Release|Any CPU
		{BF97E2BC-1B9A-4BA2-BF16-85EC88A4A656}.Release|Any CPU.Build.0 = Release|Any CPU
	EndGlobalSection
	GlobalSection(SolutionProperties) = preSolution
		HideSolutionNode = FALSE
	EndGlobalSection
	GlobalSection(ExtensibilityGlobals) = postSolution
		SolutionGuid = {103035F5-C7D1-44CC-BB76-7B432BE5B1E2}
	EndGlobalSection
EndGlobal
